
Microsoft Visual Studio Solution File, Format Version 12.00
# Visual Studio Version 17
VisualStudioVersion = 17.7.34009.444
MinimumVisualStudioVersion = 10.0.40219.1
Project("{9A19103F-16F7-4668-BE54-9A1E7A4F7556}") = "ChatClient", "ChatClient\ChatClient.csproj", "{8395EC95-966A-45FC-93D9-36B1F915A4A5}"
EndProject
Project("{FAE04EC0-301F-11D3-BF4B-00C04F79EFBC}") = "ChatServer", "ChatServer\ChatServer.csproj", "{4914C8A1-458E-4B4C-8D89-0B6518158287}"
EndProject
Global
	GlobalSection(SolutionConfigurationPlatforms) = preSolution
		Debug|Any CPU = Debug|Any CPU
		Release|Any CPU = Release|Any CPU
	EndGlobalSection
	GlobalSection(ProjectConfigurationPlatforms) = postSolution
		{8395EC95-966A-45FC-93D9-36B1F915A4A5}.Debug|Any CPU.ActiveCfg = Debug|Any CPU
		{8395EC95-966A-45FC-93D9-36B1F915A4A5}.Debug|Any CPU.Build.0 = Debug|Any CPU
		{8395EC95-966A-45FC-93D9-36B1F915A4A5}.Release|Any CPU.ActiveCfg = Release|Any CPU
		{8395EC95-966A-45FC-93D9-36B1F915A4A5}.Release|Any CPU.Build.0 = Release|Any CPU
		{4914C8A1-458E-4B4C-8D89-0B6518158287}.Debug|Any CPU.ActiveCfg = Debug|Any CPU
		{4914C8A1-458E-4B4C-8D89-0B6518158287}.Debug|Any CPU.Build.0 = Debug|Any CPU
		{4914C8A1-458E-4B4C-8D89-0B6518158287}.Release|Any CPU.ActiveCfg = Release|Any CPU
		{4914C8A1-458E-4B4C-8D89-0B6518158287}.Release|Any CPU.Build.0 = Release|Any CPU
	EndGlobalSection
	GlobalSection(SolutionProperties) = preSolution
		HideSolutionNode = FALSE
	EndGlobalSection
	GlobalSection(ExtensibilityGlobals) = postSolution
		SolutionGuid = {F0836695-FB46-4ABE-8851-4393DD214936}
	EndGlobalSection
EndGlobal
